
Microsoft Visual Studio Solution File, Format Version 12.00
# Visual Studio Version 17
VisualStudioVersion = 17.14.37111.16 d17.14
MinimumVisualStudioVersion = 10.0.40219.1
Project("{FAE04EC0-301F-11D3-BF4B-00C04F79EFBC}") = "EmpManagementSystem", "EmpManagementSystem\EmpManagementSystem.csproj", "{24169D7E-9A24-4DCE-9B76-4A1A5A387FE4}"
EndProject
Global
	GlobalSection(SolutionConfigurationPlatforms) = preSolution
		Debug|Any CPU = Debug|Any CPU
		Release|Any CPU = Release|Any CPU
	EndGlobalSection
	GlobalSection(ProjectConfigurationPlatforms) = postSolution
		{24169D7E-9A24-4DCE-9B76-4A1A5A387FE4}.Debug|Any CPU.ActiveCfg = Debug|Any CPU
		{24169D7E-9A24-4DCE-9B76-4A1A5A387FE4}.Debug|Any CPU.Build.0 = Debug|Any CPU
		{24169D7E-9A24-4DCE-9B76-4A1A5A387FE4}.Release|Any CPU.ActiveCfg = Release|Any CPU
		{24169D7E-9A24-4DCE-9B76-4A1A5A387FE4}.Release|Any CPU.Build.0 = Release|Any CPU
	EndGlobalSection
	GlobalSection(SolutionProperties) = preSolution
		HideSolutionNode = FALSE
	EndGlobalSection
	GlobalSection(ExtensibilityGlobals) = postSolution
		SolutionGuid = {373D204B-4CB1-4D26-B859-B29199E98640}
	EndGlobalSection
EndGlobal
